// !$*UTF8*$!
{
	archiveVersion = 1;
	classes = {
	};
	objectVersion = 56;
	objects = {

/* Begin PBXBuildFile section */
		4CE4223629918DD300F8E28F /* Filter.enum.swift in Sources */ = {isa = PBXBuildFile; fileRef = 4CE4223529918DD300F8E28F /* Filter.enum.swift */; };
		4CE422382993C71200F8E28F /* ColorAdjustment.enum.swift in Sources */ = {isa = PBXBuildFile; fileRef = 4CE422372993C71200F8E28F /* ColorAdjustment.enum.swift */; };
		4CF1B503299017CD0076DFEF /* Pixel_PerfectApp.swift in Sources */ = {isa = PBXBuildFile; fileRef = 4CF1B502299017CD0076DFEF /* Pixel_PerfectApp.swift */; };
		4CF1B505299017CD0076DFEF /* ContentView.swift in Sources */ = {isa = PBXBuildFile; fileRef = 4CF1B504299017CD0076DFEF /* ContentView.swift */; };
		4CF1B507299017CE0076DFEF /* Assets.xcassets in Resources */ = {isa = PBXBuildFile; fileRef = 4CF1B506299017CE0076DFEF /* Assets.xcassets */; };
		4CF1B50A299017CE0076DFEF /* Preview Assets.xcassets in Resources */ = {isa = PBXBuildFile; fileRef = 4CF1B509299017CE0076DFEF /* Preview Assets.xcassets */; };
		4CF1B50C299017CE0076DFEF /* Persistence.swift in Sources */ = {isa = PBXBuildFile; fileRef = 4CF1B50B299017CE0076DFEF /* Persistence.swift */; };
		4CF1B50F299017CE0076DFEF /* Pixel_Perfect.xcdatamodeld in Sources */ = {isa = PBXBuildFile; fileRef = 4CF1B50D299017CE0076DFEF /* Pixel_Perfect.xcdatamodeld */; };
		4CF1B5182990294D0076DFEF /* PhotoEditView.swift in Sources */ = {isa = PBXBuildFile; fileRef = 4CF1B5172990294D0076DFEF /* PhotoEditView.swift */; };
		4CF1B51F2990FF4A0076DFEF /* ImagePicker.swift in Sources */ = {isa = PBXBuildFile; fileRef = 4CF1B51E2990FF4A0076DFEF /* ImagePicker.swift */; };
		4CF1B52429917AB60076DFEF /* FilterViewModel.swift in Sources */ = {isa = PBXBuildFile; fileRef = 4CF1B52329917AB60076DFEF /* FilterViewModel.swift */; };
/* End PBXBuildFile section */

/* Begin PBXFileReference section */
		4CE4223529918DD300F8E28F /* Filter.enum.swift */ = {isa = PBXFileReference; lastKnownFileType = sourcecode.swift; path = Filter.enum.swift; sourceTree = "<group>"; };
		4CE422372993C71200F8E28F /* ColorAdjustment.enum.swift */ = {isa = PBXFileReference; lastKnownFileType = sourcecode.swift; path = ColorAdjustment.enum.swift; sourceTree = "<group>"; };
		4CF1B4FF299017CD0076DFEF /* Pixel Perfect.app */ = {isa = PBXFileReference; explicitFileType = wrapper.application; includeInIndex = 0; path = "Pixel Perfect.app"; sourceTree = BUILT_PRODUCTS_DIR; };
		4CF1B502299017CD0076DFEF /* Pixel_PerfectApp.swift */ = {isa = PBXFileReference; lastKnownFileType = sourcecode.swift; path = Pixel_PerfectApp.swift; sourceTree = "<group>"; };
		4CF1B504299017CD0076DFEF /* ContentView.swift */ = {isa = PBXFileReference; lastKnownFileType = sourcecode.swift; path = ContentView.swift; sourceTree = "<group>"; };
		4CF1B506299017CE0076DFEF /* Assets.xcassets */ = {isa = PBXFileReference; lastKnownFileType = folder.assetcatalog; path = Assets.xcassets; sourceTree = "<group>"; };
		4CF1B509299017CE0076DFEF /* Preview Assets.xcassets */ = {isa = PBXFileReference; lastKnownFileType = folder.assetcatalog; path = "Preview Assets.xcassets"; sourceTree = "<group>"; };
		4CF1B50B299017CE0076DFEF /* Persistence.swift */ = {isa = PBXFileReference; lastKnownFileType = sourcecode.swift; path = Persistence.swift; sourceTree = "<group>"; };
		4CF1B50E299017CE0076DFEF /* Pixel_Perfect.xcdatamodel */ = {isa = PBXFileReference; lastKnownFileType = wrapper.xcdatamodel; path = Pixel_Perfect.xcdatamodel; sourceTree = "<group>"; };
		4CF1B510299017CE0076DFEF /* Info.plist */ = {isa = PBXFileReference; lastKnownFileType = text.plist.xml; path = Info.plist; sourceTree = "<group>"; };
		4CF1B5172990294D0076DFEF /* PhotoEditView.swift */ = {isa = PBXFileReference; lastKnownFileType = sourcecode.swift; path = PhotoEditView.swift; sourceTree = "<group>"; };
		4CF1B51929902B330076DFEF /* Pixel-Perfect-Info.plist */ = {isa = PBXFileReference; lastKnownFileType = text.plist; path = "Pixel-Perfect-Info.plist"; sourceTree = SOURCE_ROOT; };
		4CF1B51E2990FF4A0076DFEF /* ImagePicker.swift */ = {isa = PBXFileReference; lastKnownFileType = sourcecode.swift; path = ImagePicker.swift; sourceTree = "<group>"; };
		4CF1B52329917AB60076DFEF /* FilterViewModel.swift */ = {isa = PBXFileReference; lastKnownFileType = sourcecode.swift; path = FilterViewModel.swift; sourceTree = "<group>"; };
/* End PBXFileReference section */

/* Begin PBXFrameworksBuildPhase section */
		4CF1B4FC299017CD0076DFEF /* Frameworks */ = {
			isa = PBXFrameworksBuildPhase;
			buildActionMask = 2147483647;
			files = (
			);
			runOnlyForDeploymentPostprocessing = 0;
		};
/* End PBXFrameworksBuildPhase section */

/* Begin PBXGroup section */
		4CE4223429918DBF00F8E28F /* Enums */ = {
			isa = PBXGroup;
			children = (
				4CE4223529918DD300F8E28F /* Filter.enum.swift */,
				4CE422372993C71200F8E28F /* ColorAdjustment.enum.swift */,
			);
			path = Enums;
			sourceTree = "<group>";
		};
		4CF1B4F6299017CD0076DFEF = {
			isa = PBXGroup;
			children = (
				4CF1B501299017CD0076DFEF /* Pixel Perfect */,
				4CF1B500299017CD0076DFEF /* Products */,
				4CF1B51D2990EC950076DFEF /* Frameworks */,
			);
			sourceTree = "<group>";
		};
		4CF1B500299017CD0076DFEF /* Products */ = {
			isa = PBXGroup;
			children = (
				4CF1B4FF299017CD0076DFEF /* Pixel Perfect.app */,
			);
			name = Products;
			sourceTree = "<group>";
		};
		4CF1B501299017CD0076DFEF /* Pixel Perfect */ = {
			isa = PBXGroup;
			children = (
				4CE4223429918DBF00F8E28F /* Enums */,
				4CF1B52029911A290076DFEF /* Components */,
				4CF1B51A29903BC50076DFEF /* ViewModels */,
				4CF1B51929902B330076DFEF /* Pixel-Perfect-Info.plist */,
				4CF1B516299029280076DFEF /* Views */,
				4CF1B502299017CD0076DFEF /* Pixel_PerfectApp.swift */,
				4CF1B504299017CD0076DFEF /* ContentView.swift */,
				4CF1B506299017CE0076DFEF /* Assets.xcassets */,
				4CF1B50B299017CE0076DFEF /* Persistence.swift */,
				4CF1B510299017CE0076DFEF /* Info.plist */,
				4CF1B50D299017CE0076DFEF /* Pixel_Perfect.xcdatamodeld */,
				4CF1B508299017CE0076DFEF /* Preview Content */,
			);
			path = "Pixel Perfect";
			sourceTree = "<group>";
		};
		4CF1B508299017CE0076DFEF /* Preview Content */ = {
			isa = PBXGroup;
			children = (
				4CF1B509299017CE0076DFEF /* Preview Assets.xcassets */,
			);
			path = "Preview Content";
			sourceTree = "<group>";
		};
		4CF1B516299029280076DFEF /* Views */ = {
			isa = PBXGroup;
			children = (
				4CF1B5172990294D0076DFEF /* PhotoEditView.swift */,
				4CF1B51E2990FF4A0076DFEF /* ImagePicker.swift */,
			);
			path = Views;
			sourceTree = "<group>";
		};
		4CF1B51A29903BC50076DFEF /* ViewModels */ = {
			isa = PBXGroup;
			children = (
				4CF1B52329917AB60076DFEF /* FilterViewModel.swift */,
			);
			path = ViewModels;
			sourceTree = "<group>";
		};
		4CF1B51D2990EC950076DFEF /* Frameworks */ = {
			isa = PBXGroup;
			children = (
			);
			name = Frameworks;
			sourceTree = "<group>";
		};
		4CF1B52029911A290076DFEF /* Components */ = {
			isa = PBXGroup;
			children = (
			);
			path = Components;
			sourceTree = "<group>";
		};
/* End PBXGroup section */

/* Begin PBXNativeTarget section */
		4CF1B4FE299017CD0076DFEF /* Pixel Perfect */ = {
			isa = PBXNativeTarget;
			buildConfigurationList = 4CF1B513299017CE0076DFEF /* Build configuration list for PBXNativeTarget "Pixel Perfect" */;
			buildPhases = (
				4CF1B4FB299017CD0076DFEF /* Sources */,
				4CF1B4FC299017CD0076DFEF /* Frameworks */,
				4CF1B4FD299017CD0076DFEF /* Resources */,
			);
			buildRules = (
			);
			dependencies = (
			);
			name = "Pixel Perfect";
			productName = "Pixel Perfect";
			productReference = 4CF1B4FF299017CD0076DFEF /* Pixel Perfect.app */;
			productType = "com.apple.product-type.application";
		};
/* End PBXNativeTarget section */

/* Begin PBXProject section */
		4CF1B4F7299017CD0076DFEF /* Project object */ = {
			isa = PBXProject;
			attributes = {
				BuildIndependentTargetsInParallel = 1;
				LastSwiftUpdateCheck = 1420;
				LastUpgradeCheck = 1420;
				TargetAttributes = {
					4CF1B4FE299017CD0076DFEF = {
						CreatedOnToolsVersion = 14.2;
					};
				};
			};
			buildConfigurationList = 4CF1B4FA299017CD0076DFEF /* Build configuration list for PBXProject "Pixel Perfect" */;
			compatibilityVersion = "Xcode 14.0";
			developmentRegion = en;
			hasScannedForEncodings = 0;
			knownRegions = (
				en,
				Base,
			);
			mainGroup = 4CF1B4F6299017CD0076DFEF;
			productRefGroup = 4CF1B500299017CD0076DFEF /* Products */;
			projectDirPath = "";
			projectRoot = "";
			targets = (
				4CF1B4FE299017CD0076DFEF /* Pixel Perfect */,
			);
		};
/* End PBXProject section */

/* Begin PBXResourcesBuildPhase section */
		4CF1B4FD299017CD0076DFEF /* Resources */ = {
			isa = PBXResourcesBuildPhase;
			buildActionMask = 2147483647;
			files = (
				4CF1B50A299017CE0076DFEF /* Preview Assets.xcassets in Resources */,
				4CF1B507299017CE0076DFEF /* Assets.xcassets in Resources */,
			);
			runOnlyForDeploymentPostprocessing = 0;
		};
/* End PBXResourcesBuildPhase section */

/* Begin PBXSourcesBuildPhase section */
		4CF1B4FB299017CD0076DFEF /* Sources */ = {
			isa = PBXSourcesBuildPhase;
			buildActionMask = 2147483647;
			files = (
				4CF1B50F299017CE0076DFEF /* Pixel_Perfect.xcdatamodeld in Sources */,
				4CF1B5182990294D0076DFEF /* PhotoEditView.swift in Sources */,
				4CF1B52429917AB60076DFEF /* FilterViewModel.swift in Sources */,
				4CF1B51F2990FF4A0076DFEF /* ImagePicker.swift in Sources */,
				4CE422382993C71200F8E28F /* ColorAdjustment.enum.swift in Sources */,
				4CF1B50C299017CE0076DFEF /* Persistence.swift in Sources */,
				4CF1B505299017CD0076DFEF /* ContentView.swift in Sources */,
				4CF1B503299017CD0076DFEF /* Pixel_PerfectApp.swift in Sources */,
				4CE4223629918DD300F8E28F /* Filter.enum.swift in Sources */,
			);
			runOnlyForDeploymentPostprocessing = 0;
		};
/* End PBXSourcesBuildPhase section */

/* Begin XCBuildConfiguration section */
		4CF1B511299017CE0076DFEF /* Debug */ = {
			isa = XCBuildConfiguration;
			buildSettings = {
				ALWAYS_SEARCH_USER_PATHS = NO;
				CLANG_ANALYZER_NONNULL = YES;
				CLANG_ANALYZER_NUMBER_OBJECT_CONVERSION = YES_AGGRESSIVE;
				CLANG_CXX_LANGUAGE_STANDARD = "gnu++20";
				CLANG_ENABLE_MODULES = YES;
				CLANG_ENABLE_OBJC_ARC = YES;
				CLANG_ENABLE_OBJC_WEAK = YES;
				CLANG_WARN_BLOCK_CAPTURE_AUTORELEASING = YES;
				CLANG_WARN_BOOL_CONVERSION = YES;
				CLANG_WARN_COMMA = YES;
				CLANG_WARN_CONSTANT_CONVERSION = YES;
				CLANG_WARN_DEPRECATED_OBJC_IMPLEMENTATIONS = YES;
				CLANG_WARN_DIRECT_OBJC_ISA_USAGE = YES_ERROR;
				CLANG_WARN_DOCUMENTATION_COMMENTS = YES;
				CLANG_WARN_EMPTY_BODY = YES;
				CLANG_WARN_ENUM_CONVERSION = YES;
				CLANG_WARN_INFINITE_RECURSION = YES;
				CLANG_WARN_INT_CONVERSION = YES;
				CLANG_WARN_NON_LITERAL_NULL_CONVERSION = YES;
				CLANG_WARN_OBJC_IMPLICIT_RETAIN_SELF = YES;
				CLANG_WARN_OBJC_LITERAL_CONVERSION = YES;
				CLANG_WARN_OBJC_ROOT_CLASS = YES_ERROR;
				CLANG_WARN_QUOTED_INCLUDE_IN_FRAMEWORK_HEADER = YES;
				CLANG_WARN_RANGE_LOOP_ANALYSIS = YES;
				CLANG_WARN_STRICT_PROTOTYPES = YES;
				CLANG_WARN_SUSPICIOUS_MOVE = YES;
				CLANG_WARN_UNGUARDED_AVAILABILITY = YES_AGGRESSIVE;
				CLANG_WARN_UNREACHABLE_CODE = YES;
				CLANG_WARN__DUPLICATE_METHOD_MATCH = YES;
				COPY_PHASE_STRIP = NO;
				DEBUG_INFORMATION_FORMAT = dwarf;
				ENABLE_STRICT_OBJC_MSGSEND = YES;
				ENABLE_TESTABILITY = YES;
				GCC_C_LANGUAGE_STANDARD = gnu11;
				GCC_DYNAMIC_NO_PIC = NO;
				GCC_NO_COMMON_BLOCKS = YES;
				GCC_OPTIMIZATION_LEVEL = 0;
				GCC_PREPROCESSOR_DEFINITIONS = (
					"DEBUG=1",
					"$(inherited)",
				);
				GCC_WARN_64_TO_32_BIT_CONVERSION = YES;
				GCC_WARN_ABOUT_RETURN_TYPE = YES_ERROR;
				GCC_WARN_UNDECLARED_SELECTOR = YES;
				GCC_WARN_UNINITIALIZED_AUTOS = YES_AGGRESSIVE;
				GCC_WARN_UNUSED_FUNCTION = YES;
				GCC_WARN_UNUSED_VARIABLE = YES;
				IPHONEOS_DEPLOYMENT_TARGET = 16.2;
				MTL_ENABLE_DEBUG_INFO = INCLUDE_SOURCE;
				MTL_FAST_MATH = YES;
				ONLY_ACTIVE_ARCH = YES;
				SDKROOT = iphoneos;
				SWIFT_ACTIVE_COMPILATION_CONDITIONS = DEBUG;
				SWIFT_OPTIMIZATION_LEVEL = "-Onone";
			};
			name = Debug;
		};
		4CF1B512299017CE0076DFEF /* Release */ = {
			isa = XCBuildConfiguration;
			buildSettings = {
				ALWAYS_SEARCH_USER_PATHS = NO;
				CLANG_ANALYZER_NONNULL = YES;
				CLANG_ANALYZER_NUMBER_OBJECT_CONVERSION = YES_AGGRESSIVE;
				CLANG_CXX_LANGUAGE_STANDARD = "gnu++20";
				CLANG_ENABLE_MODULES = YES;
				CLANG_ENABLE_OBJC_ARC = YES;
				CLANG_ENABLE_OBJC_WEAK = YES;
				CLANG_WARN_BLOCK_CAPTURE_AUTORELEASING = YES;
				CLANG_WARN_BOOL_CONVERSION = YES;
				CLANG_WARN_COMMA = YES;
				CLANG_WARN_CONSTANT_CONVERSION = YES;
				CLANG_WARN_DEPRECATED_OBJC_IMPLEMENTATIONS = YES;
				CLANG_WARN_DIRECT_OBJC_ISA_USAGE = YES_ERROR;
				CLANG_WARN_DOCUMENTATION_COMMENTS = YES;
				CLANG_WARN_EMPTY_BODY = YES;
				CLANG_WARN_ENUM_CONVERSION = YES;
				CLANG_WARN_INFINITE_RECURSION = YES;
				CLANG_WARN_INT_CONVERSION = YES;
				CLANG_WARN_NON_LITERAL_NULL_CONVERSION = YES;
				CLANG_WARN_OBJC_IMPLICIT_RETAIN_SELF = YES;
				CLANG_WARN_OBJC_LITERAL_CONVERSION = YES;
				CLANG_WARN_OBJC_ROOT_CLASS = YES_ERROR;
				CLANG_WARN_QUOTED_INCLUDE_IN_FRAMEWORK_HEADER = YES;
				CLANG_WARN_RANGE_LOOP_ANALYSIS = YES;
				CLANG_WARN_STRICT_PROTOTYPES = YES;
				CLANG_WARN_SUSPICIOUS_MOVE = YES;
				CLANG_WARN_UNGUARDED_AVAILABILITY = YES_AGGRESSIVE;
				CLANG_WARN_UNREACHABLE_CODE = YES;
				CLANG_WARN__DUPLICATE_METHOD_MATCH = YES;
				COPY_PHASE_STRIP = NO;
				DEBUG_INFORMATION_FORMAT = "dwarf-with-dsym";
				ENABLE_NS_ASSERTIONS = NO;
				ENABLE_STRICT_OBJC_MSGSEND = YES;
				GCC_C_LANGUAGE_STANDARD = gnu11;
				GCC_NO_COMMON_BLOCKS = YES;
				GCC_WARN_64_TO_32_BIT_CONVERSION = YES;
				GCC_WARN_ABOUT_RETURN_TYPE = YES_ERROR;
				GCC_WARN_UNDECLARED_SELECTOR = YES;
				GCC_WARN_UNINITIALIZED_AUTOS = YES_AGGRESSIVE;
				GCC_WARN_UNUSED_FUNCTION = YES;
				GCC_WARN_UNUSED_VARIABLE = YES;
				IPHONEOS_DEPLOYMENT_TARGET = 16.2;
				MTL_ENABLE_DEBUG_INFO = NO;
				MTL_FAST_MATH = YES;
				SDKROOT = iphoneos;
				SWIFT_COMPILATION_MODE = wholemodule;
				SWIFT_OPTIMIZATION_LEVEL = "-O";
				VALIDATE_PRODUCT = YES;
			};
			name = Release;
		};
		4CF1B514299017CE0076DFEF /* Debug */ = {
			isa = XCBuildConfiguration;
			buildSettings = {
				ASSETCATALOG_COMPILER_APPICON_NAME = AppIcon;
				ASSETCATALOG_COMPILER_GLOBAL_ACCENT_COLOR_NAME = AccentColor;
				CODE_SIGN_STYLE = Automatic;
				CURRENT_PROJECT_VERSION = 1;
				DEVELOPMENT_ASSET_PATHS = "\"Pixel Perfect/Preview Content\"";
				DEVELOPMENT_TEAM = U9Q43DBKTS;
				ENABLE_PREVIEWS = YES;
				GENERATE_INFOPLIST_FILE = YES;
				INFOPLIST_FILE = "Pixel-Perfect-Info.plist";
				INFOPLIST_KEY_NSPhotoLibraryUsageDescription = "For Editing Photo";
				INFOPLIST_KEY_UIApplicationSceneManifest_Generation = YES;
				INFOPLIST_KEY_UIApplicationSupportsIndirectInputEvents = YES;
				INFOPLIST_KEY_UILaunchScreen_Generation = YES;
				INFOPLIST_KEY_UISupportedInterfaceOrientations_iPad = "UIInterfaceOrientationPortrait UIInterfaceOrientationPortraitUpsideDown UIInterfaceOrientationLandscapeLeft UIInterfaceOrientationLandscapeRight";
				INFOPLIST_KEY_UISupportedInterfaceOrientations_iPhone = "UIInterfaceOrientationPortrait UIInterfaceOrientationLandscapeLeft UIInterfaceOrientationLandscapeRight";
				IPHONEOS_DEPLOYMENT_TARGET = 16.1;
				LD_RUNPATH_SEARCH_PATHS = (
					"$(inherited)",
					"@executable_path/Frameworks",
				);
				MARKETING_VERSION = 1.0;
				PRODUCT_BUNDLE_IDENTIFIER = "com.onurural.Pixel-Perfect";
				PRODUCT_NAME = "$(TARGET_NAME)";
				SWIFT_EMIT_LOC_STRINGS = YES;
				SWIFT_VERSION = 5.0;
				TARGETED_DEVICE_FAMILY = "1,2";
			};
			name = Debug;
		};
		4CF1B515299017CE0076DFEF /* Release */ = {
			isa = XCBuildConfiguration;
			buildSettings = {
				ASSETCATALOG_COMPILER_APPICON_NAME = AppIcon;
				ASSETCATALOG_COMPILER_GLOBAL_ACCENT_COLOR_NAME = AccentColor;
				CODE_SIGN_STYLE = Automatic;
				CURRENT_PROJECT_VERSION = 1;
				DEVELOPMENT_ASSET_PATHS = "\"Pixel Perfect/Preview Content\"";
				DEVELOPMENT_TEAM = U9Q43DBKTS;
				ENABLE_PREVIEWS = YES;
				GENERATE_INFOPLIST_FILE = YES;
				INFOPLIST_FILE = "Pixel-Perfect-Info.plist";
				INFOPLIST_KEY_NSPhotoLibraryUsageDescription = "For Editing Photo";
				INFOPLIST_KEY_UIApplicationSceneManifest_Generation = YES;
				INFOPLIST_KEY_UIApplicationSupportsIndirectInputEvents = YES;
				INFOPLIST_KEY_UILaunchScreen_Generation = YES;
				INFOPLIST_KEY_UISupportedInterfaceOrientations_iPad = "UIInterfaceOrientationPortrait UIInterfaceOrientationPortraitUpsideDown UIInterfaceOrientationLandscapeLeft UIInterfaceOrientationLandscapeRight";
				INFOPLIST_KEY_UISupportedInterfaceOrientations_iPhone = "UIInterfaceOrientationPortrait UIInterfaceOrientationLandscapeLeft UIInterfaceOrientationLandscapeRight";
				IPHONEOS_DEPLOYMENT_TARGET = 16.1;
				LD_RUNPATH_SEARCH_PATHS = (
					"$(inherited)",
					"@executable_path/Frameworks",
				);
				MARKETING_VERSION = 1.0;
				PRODUCT_BUNDLE_IDENTIFIER = "com.onurural.Pixel-Perfect";
				PRODUCT_NAME = "$(TARGET_NAME)";
				SWIFT_EMIT_LOC_STRINGS = YES;
				SWIFT_VERSION = 5.0;
				TARGETED_DEVICE_FAMILY = "1,2";
			};
			name = Release;
		};
/* End XCBuildConfiguration section */

/* Begin XCConfigurationList section */
		4CF1B4FA299017CD0076DFEF /* Build configuration list for PBXProject "Pixel Perfect" */ = {
			isa = XCConfigurationList;
			buildConfigurations = (
				4CF1B511299017CE0076DFEF /* Debug */,
				4CF1B512299017CE0076DFEF /* Release */,
			);
			defaultConfigurationIsVisible = 0;
			defaultConfigurationName = Release;
		};
		4CF1B513299017CE0076DFEF /* Build configuration list for PBXNativeTarget "Pixel Perfect" */ = {
			isa = XCConfigurationList;
			buildConfigurations = (
				4CF1B514299017CE0076DFEF /* Debug */,
				4CF1B515299017CE0076DFEF /* Release */,
			);
			defaultConfigurationIsVisible = 0;
			defaultConfigurationName = Release;
		};
/* End XCConfigurationList section */

/* Begin XCVersionGroup section */
		4CF1B50D299017CE0076DFEF /* Pixel_Perfect.xcdatamodeld */ = {
			isa = XCVersionGroup;
			children = (
				4CF1B50E299017CE0076DFEF /* Pixel_Perfect.xcdatamodel */,
			);
			currentVersion = 4CF1B50E299017CE0076DFEF /* Pixel_Perfect.xcdatamodel */;
			path = Pixel_Perfect.xcdatamodeld;
			sourceTree = "<group>";
			versionGroupType = wrapper.xcdatamodel;
		};
/* End XCVersionGroup section */
	};
	rootObject = 4CF1B4F7299017CD0076DFEF /* Project object */;
}
